
Microsoft Visual Studio Solution File, Format Version 12.00
# Visual Studio Version 17
VisualStudioVersion = 17.2.32630.192
MinimumVisualStudioVersion = 10.0.40219.1
Project("{FAE04EC0-301F-11D3-BF4B-00C04F79EFBC}") = "roblox old oof sound", "roblox old oof sound\roblox old oof sound.csproj", "{A2DD2C77-7AFA-4684-BC3A-6293DC941929}"
EndProject
Global
	GlobalSection(SolutionConfigurationPlatforms) = preSolution
		Debug|Any CPU = Debug|Any CPU
		Release|Any CPU = Release|Any CPU
	EndGlobalSection
	GlobalSection(ProjectConfigurationPlatforms) = postSolution
		{A2DD2C77-7AFA-4684-BC3A-6293DC941929}.Debug|Any CPU.ActiveCfg = Debug|Any CPU
		{A2DD2C77-7AFA-4684-BC3A-6293DC941929}.Debug|Any CPU.Build.0 = Debug|Any CPU
		{A2DD2C77-7AFA-4684-BC3A-6293DC941929}.Release|Any CPU.ActiveCfg = Release|Any CPU
		{A2DD2C77-7AFA-4684-BC3A-6293DC941929}.Release|Any CPU.Build.0 = Release|Any CPU
	EndGlobalSection
	GlobalSection(SolutionProperties) = preSolution
		HideSolutionNode = FALSE
	EndGlobalSection
	GlobalSection(ExtensibilityGlobals) = postSolution
		SolutionGuid = {01AB8795-F297-42F8-8490-77DE91E42DD3}
	EndGlobalSection
EndGlobal
